dependencies:
- name: common
  repository: https://charts.bitnami.com/bitnami
  version: 2.2.2
- name: maxscale
  repository: https://4allportal.github.io/helm-charts
  version: 4.0.6
digest: sha256:6ffe36e229ac1710226df9b163fe02d391536a5b0592eb28d11d935c84d2bf05
generated: "2023-01-18T17:46:37.684237452Z"
