dependencies:
- name: common
  repository: https://charts.bitnami.com/bitnami
  version: 2.31.3
- name: maxscale
  repository: https://4allportal.github.io/helm-charts
  version: 4.1.13
digest: sha256:4bad2837be76cfa56c01df4b37c45788a1e2912ead93b1a47628006ecc3e2915
generated: "2025-07-09T12:20:44.563446665Z"
